
Microsoft Visual Studio Solution File, Format Version 12.00
# Visual Studio Version 17
VisualStudioVersion = 17.5.33516.290
MinimumVisualStudioVersion = 10.0.40219.1
Project("{FAE04EC0-301F-11D3-BF4B-00C04F79EFBC}") = "Sels.Hivemind", "Sels.Hivemind\Sels.Hivemind.csproj", "{37299F8D-8F99-4023-BA14-2C02EA0D5E73}"
EndProject
Global
	GlobalSection(SolutionConfigurationPlatforms) = preSolution
		Debug|Any CPU = Debug|Any CPU
		Release|Any CPU = Release|Any CPU
	EndGlobalSection
	GlobalSection(ProjectConfigurationPlatforms) = postSolution
		{37299F8D-8F99-4023-BA14-2C02EA0D5E73}.Debug|Any CPU.ActiveCfg = Debug|Any CPU
		{37299F8D-8F99-4023-BA14-2C02EA0D5E73}.Debug|Any CPU.Build.0 = Debug|Any CPU
		{37299F8D-8F99-4023-BA14-2C02EA0D5E73}.Release|Any CPU.ActiveCfg = Release|Any CPU
		{37299F8D-8F99-4023-BA14-2C02EA0D5E73}.Release|Any CPU.Build.0 = Release|Any CPU
	EndGlobalSection
	GlobalSection(SolutionProperties) = preSolution
		HideSolutionNode = FALSE
	EndGlobalSection
	GlobalSection(ExtensibilityGlobals) = postSolution
		SolutionGuid = {343C8665-7158-4322-8FD9-155C92F0CA91}
	EndGlobalSection
EndGlobal
